
Microsoft Visual Studio Solution File, Format Version 12.00
# Visual Studio Version 17
VisualStudioVersion = 17.5.002.0
MinimumVisualStudioVersion = 10.0.40219.1
Project("{9A19103F-16F7-4668-BE54-9A1E7A4F7556}") = "leetCoding", "leetCoding.csproj", "{C129B34E-ADDE-4632-8F47-B83052D2AFCD}"
EndProject
Global
	GlobalSection(SolutionConfigurationPlatforms) = preSolution
		Debug|Any CPU = Debug|Any CPU
		Release|Any CPU = Release|Any CPU
	EndGlobalSection
	GlobalSection(ProjectConfigurationPlatforms) = postSolution
		{C129B34E-ADDE-4632-8F47-B83052D2AFCD}.Debug|Any CPU.ActiveCfg = Debug|Any CPU
		{C129B34E-ADDE-4632-8F47-B83052D2AFCD}.Debug|Any CPU.Build.0 = Debug|Any CPU
		{C129B34E-ADDE-4632-8F47-B83052D2AFCD}.Release|Any CPU.ActiveCfg = Release|Any CPU
		{C129B34E-ADDE-4632-8F47-B83052D2AFCD}.Release|Any CPU.Build.0 = Release|Any CPU
	EndGlobalSection
	GlobalSection(SolutionProperties) = preSolution
		HideSolutionNode = FALSE
	EndGlobalSection
	GlobalSection(ExtensibilityGlobals) = postSolution
		SolutionGuid = {27A72964-0044-4314-821C-AA2943BA696D}
	EndGlobalSection
EndGlobal
